{
  "version": 4,
  "terraform_version": "1.6.2",
  "serial": 49,
  "lineage": "fc12f805-9b99-f361-cdff-c8ff95638785",
  "outputs": {
    "environment": {
      "value": "GEN_2",
      "type": "string"
    },
    "id": {
      "value": "projects/enduring-branch-413218/locations/us-central1/functions/function-google-drive-terraform",
      "type": "string"
    },
    "state": {
      "value": "ACTIVE",
      "type": "string"
    },
    "update_time": {
      "value": "2024-04-14T23:58:43.022095964Z",
      "type": "string"
    },
    "uri": {
      "value": "https://function-google-drive-terraform-jrwcgsju7q-uc.a.run.app",
      "type": "string"
    }
  },
  "resources": [
    {
      "mode": "data",
      "type": "archive_file",
      "name": "my_function_zip",
      "provider": "provider[\"registry.terraform.io/hashicorp/archive\"]",
      "instances": [
        {
          "schema_version": 0,
          "attributes": {
            "exclude_symlink_directories": null,
            "excludes": null,
            "id": "ac6ced6cfa89a43eced599af242e046d30aed9a1",
            "output_base64sha256": "XjS5KHwFzj3Xp5FodI3iYCESWG/6fJojLYiq2H9re9o=",
            "output_base64sha512": "0nIKfqV06/AQnKzk+pd2GmHXMt3D9u1Cu4ManyiONYoc3kErMBwW+Oe9VtriX1Pj9NjvpI2e59EXCSfn0GIyWw==",
            "output_file_mode": null,
            "output_md5": "4b3aced5615a6e53ed65326b1be08530",
            "output_path": "./../../src/src.zip",
            "output_sha": "ac6ced6cfa89a43eced599af242e046d30aed9a1",
            "output_sha256": "5e34b9287c05ce3dd7a79168748de2602112586ffa7c9a232d88aad87f6b7bda",
            "output_sha512": "d2720a7ea574ebf0109cace4fa97761a61d732ddc3f6ed42bb831a9f288e358a1cde412b301c16f8e7bd56dae25f53e3f4d8efa48d9ee7d1170927e7d062325b",
            "output_size": 18989,
            "source": [],
            "source_content": null,
            "source_content_filename": null,
            "source_dir": "./../../src",
            "source_file": null,
            "type": "zip"
          },
          "sensitive_attributes": []
        }
      ]
    },
    {
      "mode": "managed",
      "type": "google_cloudfunctions2_function",
      "name": "my_function",
      "provider": "provider[\"registry.terraform.io/hashicorp/google\"]",
      "instances": [
        {
          "schema_version": 0,
          "attributes": {
            "build_config": [
              {
                "build": "projects/418428393130/locations/us-central1/builds/59a3ae6a-dfd3-47bd-9d50-19326346a7b2",
                "docker_repository": "projects/enduring-branch-413218/locations/us-central1/repositories/gcf-artifacts",
                "entry_point": "main",
                "environment_variables": {},
                "runtime": "python310",
                "source": [
                  {
                    "repo_source": [],
                    "storage_source": [
                      {
                        "bucket": "function-gdrive-breno",
                        "generation": 1096708736,
                        "object": "google-drive-function-bucket-object"
                      }
                    ]
                  }
                ],
                "worker_pool": ""
              }
            ],
            "description": "google drive function to deploy",
            "environment": "GEN_2",
            "event_trigger": [],
            "id": "projects/enduring-branch-413218/locations/us-central1/functions/function-google-drive-terraform",
            "labels": null,
            "location": "us-central1",
            "name": "function-google-drive-terraform",
            "project": "enduring-branch-413218",
            "service_config": [
              {
                "all_traffic_on_latest_revision": true,
                "available_cpu": "0.3333",
                "available_memory": "512M",
                "environment_variables": null,
                "gcf_uri": "",
                "ingress_settings": "ALLOW_ALL",
                "max_instance_count": 1,
                "max_instance_request_concurrency": 1,
                "min_instance_count": 0,
                "secret_environment_variables": [],
                "secret_volumes": [],
                "service": "projects/enduring-branch-413218/locations/us-central1/services/function-google-drive-terraform",
                "service_account_email": "conta-geral@enduring-branch-413218.iam.gserviceaccount.com",
                "timeout_seconds": 180,
                "uri": "https://function-google-drive-terraform-jrwcgsju7q-uc.a.run.app",
                "vpc_connector": "",
                "vpc_connector_egress_settings": ""
              }
            ],
            "state": "ACTIVE",
            "timeouts": null,
            "update_time": "2024-04-14T23:58:43.022095964Z"
          },
          "sensitive_attributes": [],
          "private": "eyJlMmJmYjczMC1lY2FhLTExZTYtOGY4OC0zNDM2M2JjN2M0YzAiOnsiY3JlYXRlIjozNjAwMDAwMDAwMDAwLCJkZWxldGUiOjM2MDAwMDAwMDAwMDAsInVwZGF0ZSI6MzYwMDAwMDAwMDAwMH19",
          "dependencies": [
            "data.archive_file.my_function_zip",
            "google_storage_bucket.function_source_bucket",
            "google_storage_bucket_object.function_source_bucket_object"
          ]
        }
      ]
    },
    {
      "mode": "managed",
      "type": "google_storage_bucket",
      "name": "function_source_bucket",
      "provider": "provider[\"registry.terraform.io/hashicorp/google\"]",
      "instances": [
        {
          "schema_version": 0,
          "attributes": {
            "autoclass": [],
            "cors": [],
            "custom_placement_config": [],
            "default_event_based_hold": false,
            "encryption": [],
            "force_destroy": false,
            "id": "function-gdrive-breno",
            "labels": {},
            "lifecycle_rule": [],
            "location": "US-CENTRAL1",
            "logging": [],
            "name": "function-gdrive-breno",
            "project": "enduring-branch-413218",
            "public_access_prevention": "inherited",
            "requester_pays": false,
            "retention_policy": [],
            "self_link": "https://www.googleapis.com/storage/v1/b/function-gdrive-breno",
            "storage_class": "STANDARD",
            "timeouts": null,
            "uniform_bucket_level_access": false,
            "url": "gs://function-gdrive-breno",
            "versioning": [],
            "website": []
          },
          "sensitive_attributes": [],
          "private": "eyJlMmJmYjczMC1lY2FhLTExZTYtOGY4OC0zNDM2M2JjN2M0YzAiOnsiY3JlYXRlIjo2MDAwMDAwMDAwMDAsInJlYWQiOjI0MDAwMDAwMDAwMCwidXBkYXRlIjoyNDAwMDAwMDAwMDB9fQ=="
        }
      ]
    },
    {
      "mode": "managed",
      "type": "google_storage_bucket_object",
      "name": "function_source_bucket_object",
      "provider": "provider[\"registry.terraform.io/hashicorp/google\"]",
      "instances": [
        {
          "schema_version": 0,
          "attributes": {
            "bucket": "function-gdrive-breno",
            "cache_control": "",
            "content": null,
            "content_disposition": "",
            "content_encoding": "",
            "content_language": "",
            "content_type": "application/zip",
            "crc32c": "183jTQ==",
            "customer_encryption": [],
            "detect_md5hash": "SzrO1WFablPtZTJrG+CFMA==",
            "event_based_hold": false,
            "id": "function-gdrive-breno-google-drive-function-bucket-object",
            "kms_key_name": "",
            "md5hash": "SzrO1WFablPtZTJrG+CFMA==",
            "media_link": "https://storage.googleapis.com/download/storage/v1/b/function-gdrive-breno/o/google-drive-function-bucket-object?generation=1713138995312070\u0026alt=media",
            "metadata": null,
            "name": "google-drive-function-bucket-object",
            "output_name": "google-drive-function-bucket-object",
            "self_link": "https://www.googleapis.com/storage/v1/b/function-gdrive-breno/o/google-drive-function-bucket-object",
            "source": "./../../src/src.zip",
            "storage_class": "STANDARD",
            "temporary_hold": false,
            "timeouts": null
          },
          "sensitive_attributes": [],
          "private": "eyJlMmJmYjczMC1lY2FhLTExZTYtOGY4OC0zNDM2M2JjN2M0YzAiOnsiY3JlYXRlIjoyNDAwMDAwMDAwMDAsImRlbGV0ZSI6MjQwMDAwMDAwMDAwLCJ1cGRhdGUiOjI0MDAwMDAwMDAwMH19",
          "dependencies": [
            "data.archive_file.my_function_zip",
            "google_storage_bucket.function_source_bucket"
          ]
        }
      ]
    }
  ],
  "check_results": null
}
