{
  "version": 4,
  "terraform_version": "1.6.2",
  "serial": 10,
  "lineage": "2948506e-2d3e-13dd-c032-d69802d9763b",
  "outputs": {},
  "resources": [
    {
      "mode": "managed",
      "type": "google_compute_instance",
      "name": "airflow-instance-2",
      "provider": "provider[\"registry.terraform.io/hashicorp/google\"]",
      "instances": [
        {
          "status": "tainted",
          "schema_version": 6,
          "attributes": {
            "advanced_machine_features": [],
            "allow_stopping_for_update": null,
            "attached_disk": [],
            "boot_disk": [
              {
                "auto_delete": true,
                "device_name": "instance-20240421-214335",
                "disk_encryption_key_raw": "",
                "disk_encryption_key_sha256": "",
                "initialize_params": [
                  {
                    "image": "https://www.googleapis.com/compute/v1/projects/ubuntu-os-cloud/global/images/ubuntu-2310-mantic-amd64-v20240319",
                    "labels": {},
                    "size": 20,
                    "type": "pd-balanced"
                  }
                ],
                "kms_key_self_link": "",
                "mode": "READ_WRITE",
                "source": "https://www.googleapis.com/compute/v1/projects/enduring-branch-413218/zones/us-central1-c/disks/airflow-instance-2"
              }
            ],
            "can_ip_forward": false,
            "confidential_instance_config": [],
            "cpu_platform": "Intel Broadwell",
            "current_status": "RUNNING",
            "deletion_protection": false,
            "description": "",
            "desired_status": null,
            "enable_display": false,
            "guest_accelerator": [],
            "hostname": "",
            "id": "projects/enduring-branch-413218/zones/us-central1-c/instances/airflow-instance-2",
            "instance_id": "8856102862414438800",
            "label_fingerprint": "u__a2NSF3Cs=",
            "labels": {
              "goog-ec-src": "vm_add-tf"
            },
            "machine_type": "e2-medium",
            "metadata": {
              "ssh-keys": "conta-geral:ssh-rsa AAAAB3NzaC1yc2EAAAADAQABAAABAQC5KfRm0yOlutBgGhdsd8wfsIEAGhYjyBSzVcaIKrCv6AXE9r3X9R6H2Py+TG8aN8+AEXH5WuVSL1pAiB8TGqw2w4Tdd+G97gkYPpjezLq60L2xy88nmTtuycP9V/4cUrJQy5ZoXHKH0gz/ddZYBFiJd8dYD4vLnN0x6VZYeOr867+RHAQEt1jwvV/sCV+48+97wX79d2xrdi2yv3WZ9rsjLPG9c8aEsz33nNW7rT8rKtJ+ILKMSDktyZ2IYcWIMhrxIhrtnSpr7pAVvU0VEwy79Hz0OEgM1QjznoZVeXzOtO7JMiEAETVcGen532E1iiV/lrapcWm/RWtnhL/YUbe/ conta-geral@enduring-branch-413218.iam.gserviceaccount.com\r\n"
            },
            "metadata_fingerprint": "j3bKHeMnhtY=",
            "metadata_startup_script": null,
            "min_cpu_platform": "",
            "name": "airflow-instance-2",
            "network_interface": [
              {
                "access_config": [
                  {
                    "nat_ip": "35.238.233.14",
                    "network_tier": "PREMIUM",
                    "public_ptr_domain_name": ""
                  }
                ],
                "alias_ip_range": [],
                "ipv6_access_config": [],
                "ipv6_access_type": "",
                "name": "nic0",
                "network": "https://www.googleapis.com/compute/v1/projects/enduring-branch-413218/global/networks/default",
                "network_ip": "10.128.0.40",
                "nic_type": "",
                "queue_count": 0,
                "stack_type": "IPV4_ONLY",
                "subnetwork": "https://www.googleapis.com/compute/v1/projects/enduring-branch-413218/regions/us-central1/subnetworks/default",
                "subnetwork_project": "enduring-branch-413218"
              }
            ],
            "network_performance_config": [],
            "project": "enduring-branch-413218",
            "reservation_affinity": [],
            "resource_policies": null,
            "scheduling": [
              {
                "automatic_restart": true,
                "instance_termination_action": "",
                "min_node_cpus": 0,
                "node_affinities": [],
                "on_host_maintenance": "MIGRATE",
                "preemptible": false,
                "provisioning_model": "STANDARD"
              }
            ],
            "scratch_disk": [],
            "self_link": "https://www.googleapis.com/compute/v1/projects/enduring-branch-413218/zones/us-central1-c/instances/airflow-instance-2",
            "service_account": [
              {
                "email": "conta-geral@enduring-branch-413218.iam.gserviceaccount.com",
                "scopes": [
                  "https://www.googleapis.com/auth/cloud-platform"
                ]
              }
            ],
            "shielded_instance_config": [
              {
                "enable_integrity_monitoring": true,
                "enable_secure_boot": false,
                "enable_vtpm": true
              }
            ],
            "tags": null,
            "tags_fingerprint": "42WmSpB8rSM=",
            "timeouts": null,
            "zone": "us-central1-c"
          },
          "sensitive_attributes": [],
          "private": "eyJlMmJmYjczMC1lY2FhLTExZTYtOGY4OC0zNDM2M2JjN2M0YzAiOnsiY3JlYXRlIjoxMjAwMDAwMDAwMDAwLCJkZWxldGUiOjEyMDAwMDAwMDAwMDAsInVwZGF0ZSI6MTIwMDAwMDAwMDAwMH0sInNjaGVtYV92ZXJzaW9uIjoiNiJ9"
        }
      ]
    }
  ],
  "check_results": null
}
